
Microsoft Visual Studio Solution File, Format Version 12.00
# Visual Studio Version 16
VisualStudioVersion = 16.0.32228.343
MinimumVisualStudioVersion = 10.0.40219.1
Project("{FAE04EC0-301F-11D3-BF4B-00C04F79EFBC}") = "ASP.Net MVC Application", "ASP.Net MVC Application\ASP.Net MVC Application.csproj", "{35A21991-8308-4DFF-8460-B9D0E1379E71}"
EndProject
Global
	GlobalSection(SolutionConfigurationPlatforms) = preSolution
		Debug|Any CPU = Debug|Any CPU
		Release|Any CPU = Release|Any CPU
	EndGlobalSection
	GlobalSection(ProjectConfigurationPlatforms) = postSolution
		{35A21991-8308-4DFF-8460-B9D0E1379E71}.Debug|Any CPU.ActiveCfg = Debug|Any CPU
		{35A21991-8308-4DFF-8460-B9D0E1379E71}.Debug|Any CPU.Build.0 = Debug|Any CPU
		{35A21991-8308-4DFF-8460-B9D0E1379E71}.Release|Any CPU.ActiveCfg = Release|Any CPU
		{35A21991-8308-4DFF-8460-B9D0E1379E71}.Release|Any CPU.Build.0 = Release|Any CPU
	EndGlobalSection
	GlobalSection(SolutionProperties) = preSolution
		HideSolutionNode = FALSE
	EndGlobalSection
	GlobalSection(ExtensibilityGlobals) = postSolution
		SolutionGuid = {B420FB5B-EEC1-41DA-8EE4-FD56C444EDE0}
	EndGlobalSection
EndGlobal
